
Microsoft Visual Studio Solution File, Format Version 12.00
# Visual Studio 15
VisualStudioVersion = 15.0.34320.172
MinimumVisualStudioVersion = 10.0.40219.1
Project("{8BC9CEB8-8B4A-11D0-8D11-00A0C91BC942}") = "koch", "koch.vcxproj", "{5ACCAA4A-35D3-4CD1-BA62-BD8AF5F297E2}"
EndProject
Global
	GlobalSection(SolutionConfigurationPlatforms) = preSolution
		Debug|x64 = Debug|x64
		Debug|x86 = Debug|x86
		Release|x64 = Release|x64
		Release|x86 = Release|x86
	EndGlobalSection
	GlobalSection(ProjectConfigurationPlatforms) = postSolution
		{5ACCAA4A-35D3-4CD1-BA62-BD8AF5F297E2}.Debug|x64.ActiveCfg = Debug|x64
		{5ACCAA4A-35D3-4CD1-BA62-BD8AF5F297E2}.Debug|x64.Build.0 = Debug|x64
		{5ACCAA4A-35D3-4CD1-BA62-BD8AF5F297E2}.Debug|x86.ActiveCfg = Debug|Win32
		{5ACCAA4A-35D3-4CD1-BA62-BD8AF5F297E2}.Debug|x86.Build.0 = Debug|Win32
		{5ACCAA4A-35D3-4CD1-BA62-BD8AF5F297E2}.Release|x64.ActiveCfg = Release|x64
		{5ACCAA4A-35D3-4CD1-BA62-BD8AF5F297E2}.Release|x64.Build.0 = Release|x64
		{5ACCAA4A-35D3-4CD1-BA62-BD8AF5F297E2}.Release|x86.ActiveCfg = Release|Win32
		{5ACCAA4A-35D3-4CD1-BA62-BD8AF5F297E2}.Release|x86.Build.0 = Release|Win32
	EndGlobalSection
	GlobalSection(SolutionProperties) = preSolution
		HideSolutionNode = FALSE
	EndGlobalSection
	GlobalSection(ExtensibilityGlobals) = postSolution
		SolutionGuid = {0DD4C2F8-8BEF-4A2B-93C6-6BD8D19DD1A7}
	EndGlobalSection
EndGlobal
