
Microsoft Visual Studio Solution File, Format Version 12.00
# Visual Studio 15
VisualStudioVersion = 15.0.34729.27
MinimumVisualStudioVersion = 10.0.40219.1
Project("{8BC9CEB8-8B4A-11D0-8D11-00A0C91BC942}") = "Bugs2", "Bugs2.vcxproj", "{6E71C927-3884-4741-AD72-3EACDE0956F8}"
EndProject
Global
	GlobalSection(SolutionConfigurationPlatforms) = preSolution
		Debug|x64 = Debug|x64
		Debug|x86 = Debug|x86
		Release|x64 = Release|x64
		Release|x86 = Release|x86
	EndGlobalSection
	GlobalSection(ProjectConfigurationPlatforms) = postSolution
		{6E71C927-3884-4741-AD72-3EACDE0956F8}.Debug|x64.ActiveCfg = Debug|x64
		{6E71C927-3884-4741-AD72-3EACDE0956F8}.Debug|x64.Build.0 = Debug|x64
		{6E71C927-3884-4741-AD72-3EACDE0956F8}.Debug|x86.ActiveCfg = Debug|Win32
		{6E71C927-3884-4741-AD72-3EACDE0956F8}.Debug|x86.Build.0 = Debug|Win32
		{6E71C927-3884-4741-AD72-3EACDE0956F8}.Release|x64.ActiveCfg = Release|x64
		{6E71C927-3884-4741-AD72-3EACDE0956F8}.Release|x64.Build.0 = Release|x64
		{6E71C927-3884-4741-AD72-3EACDE0956F8}.Release|x86.ActiveCfg = Release|Win32
		{6E71C927-3884-4741-AD72-3EACDE0956F8}.Release|x86.Build.0 = Release|Win32
	EndGlobalSection
	GlobalSection(SolutionProperties) = preSolution
		HideSolutionNode = FALSE
	EndGlobalSection
	GlobalSection(ExtensibilityGlobals) = postSolution
		SolutionGuid = {C76FF4FB-FE30-4ECA-8EA8-FE3FF7BCB75B}
	EndGlobalSection
EndGlobal
