
Microsoft Visual Studio Solution File, Format Version 12.00
# Visual Studio 15
VisualStudioVersion = 15.0.34320.172
MinimumVisualStudioVersion = 10.0.40219.1
Project("{8BC9CEB8-8B4A-11D0-8D11-00A0C91BC942}") = "pcxbgi", "pcxbgi.vcxproj", "{7AF6D33C-465B-4681-96DE-D7AC8AEA1CFF}"
EndProject
Global
	GlobalSection(SolutionConfigurationPlatforms) = preSolution
		Debug|x64 = Debug|x64
		Debug|x86 = Debug|x86
		Release|x64 = Release|x64
		Release|x86 = Release|x86
	EndGlobalSection
	GlobalSection(ProjectConfigurationPlatforms) = postSolution
		{7AF6D33C-465B-4681-96DE-D7AC8AEA1CFF}.Debug|x64.ActiveCfg = Debug|x64
		{7AF6D33C-465B-4681-96DE-D7AC8AEA1CFF}.Debug|x64.Build.0 = Debug|x64
		{7AF6D33C-465B-4681-96DE-D7AC8AEA1CFF}.Debug|x86.ActiveCfg = Debug|Win32
		{7AF6D33C-465B-4681-96DE-D7AC8AEA1CFF}.Debug|x86.Build.0 = Debug|Win32
		{7AF6D33C-465B-4681-96DE-D7AC8AEA1CFF}.Release|x64.ActiveCfg = Release|x64
		{7AF6D33C-465B-4681-96DE-D7AC8AEA1CFF}.Release|x64.Build.0 = Release|x64
		{7AF6D33C-465B-4681-96DE-D7AC8AEA1CFF}.Release|x86.ActiveCfg = Release|Win32
		{7AF6D33C-465B-4681-96DE-D7AC8AEA1CFF}.Release|x86.Build.0 = Release|Win32
	EndGlobalSection
	GlobalSection(SolutionProperties) = preSolution
		HideSolutionNode = FALSE
	EndGlobalSection
	GlobalSection(ExtensibilityGlobals) = postSolution
		SolutionGuid = {CA0C6F7B-6996-4E32-ACEB-B5AAD6A4B46F}
	EndGlobalSection
EndGlobal
