<?xml version="1.0" encoding="utf-8"?>
<Project ToolsVersion="4.0" xmlns="http://schemas.microsoft.com/developer/msbuild/2003">
  <ItemGroup>
    <Filter Include="Source Files">
      <UniqueIdentifier>{67076296-be82-4a14-a058-81d382e9016e}</UniqueIdentifier>
      <Extensions>cpp;c;cxx;rc;def;r;odl;idl;hpj;bat</Extensions>
    </Filter>
    <Filter Include="Header Files">
      <UniqueIdentifier>{89f4a40e-a37a-4b4d-bbb1-d8094b951291}</UniqueIdentifier>
      <Extensions>h;hpp;hxx;hm;inl</Extensions>
    </Filter>
    <Filter Include="Resource Files">
      <UniqueIdentifier>{fefbc520-abf0-4f0d-9f0e-182f3e895b36}</UniqueIdentifier>
      <Extensions>ico;cur;bmp;dlg;rc2;rct;bin;rgs;gif;jpg;jpeg;jpe</Extensions>
    </Filter>
  </ItemGroup>
  <ItemGroup>
    <ClCompile Include="Clase Transformaciones.cpp">
      <Filter>Source Files</Filter>
    </ClCompile>
    <ClCompile Include="Clase TransformacionesDlg.cpp">
      <Filter>Source Files</Filter>
    </ClCompile>
    <ClCompile Include="StdAfx.cpp">
      <Filter>Source Files</Filter>
    </ClCompile>
  </ItemGroup>
  <ItemGroup>
    <ResourceCompile Include="Clase Transformaciones.rc">
      <Filter>Source Files</Filter>
    </ResourceCompile>
  </ItemGroup>
  <ItemGroup>
    <ClInclude Include="Clase Transformaciones.h">
      <Filter>Header Files</Filter>
    </ClInclude>
    <ClInclude Include="Clase TransformacionesDlg.h">
      <Filter>Header Files</Filter>
    </ClInclude>
    <ClInclude Include="Resource.h">
      <Filter>Header Files</Filter>
    </ClInclude>
    <ClInclude Include="StdAfx.h">
      <Filter>Header Files</Filter>
    </ClInclude>
  </ItemGroup>
  <ItemGroup>
    <Image Include="res\Banerg~1.bmp">
      <Filter>Resource Files</Filter>
    </Image>
    <Image Include="res\Clase Transformaciones.ico">
      <Filter>Resource Files</Filter>
    </Image>
    <Image Include="res\Icon163.ico">
      <Filter>Resource Files</Filter>
    </Image>
    <Image Include="res\tit_logoulima.bmp">
      <Filter>Resource Files</Filter>
    </Image>
    <Image Include="res\Banerg.bmp">
      <Filter>Resource Files</Filter>
    </Image>
  </ItemGroup>
  <ItemGroup>
    <CustomBuild Include="res\Clase Transformaciones.rc2">
      <Filter>Resource Files</Filter>
    </CustomBuild>
  </ItemGroup>
</Project>