
Microsoft Visual Studio Solution File, Format Version 12.00
# Visual Studio 15
VisualStudioVersion = 15.0.34320.172
MinimumVisualStudioVersion = 10.0.40219.1
Project("{8BC9CEB8-8B4A-11D0-8D11-00A0C91BC942}") = "bmpplus", "bmpplus.vcxproj", "{A8BA83F0-8FC1-4D76-941C-AFFC139D8FC1}"
EndProject
Global
	GlobalSection(SolutionConfigurationPlatforms) = preSolution
		Debug|x64 = Debug|x64
		Debug|x86 = Debug|x86
		Release|x64 = Release|x64
		Release|x86 = Release|x86
	EndGlobalSection
	GlobalSection(ProjectConfigurationPlatforms) = postSolution
		{A8BA83F0-8FC1-4D76-941C-AFFC139D8FC1}.Debug|x64.ActiveCfg = Debug|x64
		{A8BA83F0-8FC1-4D76-941C-AFFC139D8FC1}.Debug|x64.Build.0 = Debug|x64
		{A8BA83F0-8FC1-4D76-941C-AFFC139D8FC1}.Debug|x86.ActiveCfg = Debug|Win32
		{A8BA83F0-8FC1-4D76-941C-AFFC139D8FC1}.Debug|x86.Build.0 = Debug|Win32
		{A8BA83F0-8FC1-4D76-941C-AFFC139D8FC1}.Release|x64.ActiveCfg = Release|x64
		{A8BA83F0-8FC1-4D76-941C-AFFC139D8FC1}.Release|x64.Build.0 = Release|x64
		{A8BA83F0-8FC1-4D76-941C-AFFC139D8FC1}.Release|x86.ActiveCfg = Release|Win32
		{A8BA83F0-8FC1-4D76-941C-AFFC139D8FC1}.Release|x86.Build.0 = Release|Win32
	EndGlobalSection
	GlobalSection(SolutionProperties) = preSolution
		HideSolutionNode = FALSE
	EndGlobalSection
	GlobalSection(ExtensibilityGlobals) = postSolution
		SolutionGuid = {39E6308A-458A-4803-9BCF-F375A7F6AF9B}
	EndGlobalSection
EndGlobal
