
Microsoft Visual Studio Solution File, Format Version 12.00
# Visual Studio 15
VisualStudioVersion = 15.0.28307.1000
MinimumVisualStudioVersion = 10.0.40219.1
Project("{8BC9CEB8-8B4A-11D0-8D11-00A0C91BC942}") = "aleator", "aleator.vcxproj", "{95BB0DF0-4E5A-4E66-80BD-BA3A8F6E2C03}"
EndProject
Global
	GlobalSection(SolutionConfigurationPlatforms) = preSolution
		Debug|x64 = Debug|x64
		Debug|x86 = Debug|x86
		Release|x64 = Release|x64
		Release|x86 = Release|x86
	EndGlobalSection
	GlobalSection(ProjectConfigurationPlatforms) = postSolution
		{95BB0DF0-4E5A-4E66-80BD-BA3A8F6E2C03}.Debug|x64.ActiveCfg = Debug|x64
		{95BB0DF0-4E5A-4E66-80BD-BA3A8F6E2C03}.Debug|x64.Build.0 = Debug|x64
		{95BB0DF0-4E5A-4E66-80BD-BA3A8F6E2C03}.Debug|x86.ActiveCfg = Debug|Win32
		{95BB0DF0-4E5A-4E66-80BD-BA3A8F6E2C03}.Debug|x86.Build.0 = Debug|Win32
		{95BB0DF0-4E5A-4E66-80BD-BA3A8F6E2C03}.Release|x64.ActiveCfg = Release|x64
		{95BB0DF0-4E5A-4E66-80BD-BA3A8F6E2C03}.Release|x64.Build.0 = Release|x64
		{95BB0DF0-4E5A-4E66-80BD-BA3A8F6E2C03}.Release|x86.ActiveCfg = Release|Win32
		{95BB0DF0-4E5A-4E66-80BD-BA3A8F6E2C03}.Release|x86.Build.0 = Release|Win32
	EndGlobalSection
	GlobalSection(SolutionProperties) = preSolution
		HideSolutionNode = FALSE
	EndGlobalSection
	GlobalSection(ExtensibilityGlobals) = postSolution
		SolutionGuid = {CDE25CC7-FD4D-4F89-9669-287E33682345}
	EndGlobalSection
EndGlobal
