
Microsoft Visual Studio Solution File, Format Version 12.00
# Visual Studio 15
VisualStudioVersion = 15.0.34320.172
MinimumVisualStudioVersion = 10.0.40219.1
Project("{8BC9CEB8-8B4A-11D0-8D11-00A0C91BC942}") = "fourier", "fourier.vcxproj", "{165EFE29-D6E3-4533-8233-7A2A762887EF}"
EndProject
Global
	GlobalSection(SolutionConfigurationPlatforms) = preSolution
		Debug|x64 = Debug|x64
		Debug|x86 = Debug|x86
		Release|x64 = Release|x64
		Release|x86 = Release|x86
	EndGlobalSection
	GlobalSection(ProjectConfigurationPlatforms) = postSolution
		{165EFE29-D6E3-4533-8233-7A2A762887EF}.Debug|x64.ActiveCfg = Debug|x64
		{165EFE29-D6E3-4533-8233-7A2A762887EF}.Debug|x64.Build.0 = Debug|x64
		{165EFE29-D6E3-4533-8233-7A2A762887EF}.Debug|x86.ActiveCfg = Debug|Win32
		{165EFE29-D6E3-4533-8233-7A2A762887EF}.Debug|x86.Build.0 = Debug|Win32
		{165EFE29-D6E3-4533-8233-7A2A762887EF}.Release|x64.ActiveCfg = Release|x64
		{165EFE29-D6E3-4533-8233-7A2A762887EF}.Release|x64.Build.0 = Release|x64
		{165EFE29-D6E3-4533-8233-7A2A762887EF}.Release|x86.ActiveCfg = Release|Win32
		{165EFE29-D6E3-4533-8233-7A2A762887EF}.Release|x86.Build.0 = Release|Win32
	EndGlobalSection
	GlobalSection(SolutionProperties) = preSolution
		HideSolutionNode = FALSE
	EndGlobalSection
	GlobalSection(ExtensibilityGlobals) = postSolution
		SolutionGuid = {88C6907F-0DAB-4FCA-A85B-FEBE3EF049EA}
	EndGlobalSection
EndGlobal
