
Microsoft Visual Studio Solution File, Format Version 12.00
# Visual Studio 15
VisualStudioVersion = 15.0.34320.172
MinimumVisualStudioVersion = 10.0.40219.1
Project("{8BC9CEB8-8B4A-11D0-8D11-00A0C91BC942}") = "nraices", "nraices.vcxproj", "{CFE7DC38-1F6B-4E6D-9E5D-CB2910F43665}"
EndProject
Global
	GlobalSection(SolutionConfigurationPlatforms) = preSolution
		Debug|x64 = Debug|x64
		Debug|x86 = Debug|x86
		Release|x64 = Release|x64
		Release|x86 = Release|x86
	EndGlobalSection
	GlobalSection(ProjectConfigurationPlatforms) = postSolution
		{CFE7DC38-1F6B-4E6D-9E5D-CB2910F43665}.Debug|x64.ActiveCfg = Debug|x64
		{CFE7DC38-1F6B-4E6D-9E5D-CB2910F43665}.Debug|x64.Build.0 = Debug|x64
		{CFE7DC38-1F6B-4E6D-9E5D-CB2910F43665}.Debug|x86.ActiveCfg = Debug|Win32
		{CFE7DC38-1F6B-4E6D-9E5D-CB2910F43665}.Debug|x86.Build.0 = Debug|Win32
		{CFE7DC38-1F6B-4E6D-9E5D-CB2910F43665}.Release|x64.ActiveCfg = Release|x64
		{CFE7DC38-1F6B-4E6D-9E5D-CB2910F43665}.Release|x64.Build.0 = Release|x64
		{CFE7DC38-1F6B-4E6D-9E5D-CB2910F43665}.Release|x86.ActiveCfg = Release|Win32
		{CFE7DC38-1F6B-4E6D-9E5D-CB2910F43665}.Release|x86.Build.0 = Release|Win32
	EndGlobalSection
	GlobalSection(SolutionProperties) = preSolution
		HideSolutionNode = FALSE
	EndGlobalSection
	GlobalSection(ExtensibilityGlobals) = postSolution
		SolutionGuid = {5F28A719-55FA-4CF3-ACE9-7FF70E650D26}
	EndGlobalSection
EndGlobal
