
Microsoft Visual Studio Solution File, Format Version 12.00
# Visual Studio 15
VisualStudioVersion = 15.0.34729.27
MinimumVisualStudioVersion = 10.0.40219.1
Project("{8BC9CEB8-8B4A-11D0-8D11-00A0C91BC942}") = "3DRotatingSquare", "3DRotatingSquare.vcxproj", "{AD2D21F1-5321-4B9D-8859-711888315579}"
EndProject
Global
	GlobalSection(SolutionConfigurationPlatforms) = preSolution
		Debug|x64 = Debug|x64
		Debug|x86 = Debug|x86
		Release|x64 = Release|x64
		Release|x86 = Release|x86
	EndGlobalSection
	GlobalSection(ProjectConfigurationPlatforms) = postSolution
		{AD2D21F1-5321-4B9D-8859-711888315579}.Debug|x64.ActiveCfg = Release|x64
		{AD2D21F1-5321-4B9D-8859-711888315579}.Debug|x64.Build.0 = Release|x64
		{AD2D21F1-5321-4B9D-8859-711888315579}.Debug|x86.ActiveCfg = Debug|Win32
		{AD2D21F1-5321-4B9D-8859-711888315579}.Debug|x86.Build.0 = Debug|Win32
		{AD2D21F1-5321-4B9D-8859-711888315579}.Release|x64.ActiveCfg = Release|x64
		{AD2D21F1-5321-4B9D-8859-711888315579}.Release|x64.Build.0 = Release|x64
		{AD2D21F1-5321-4B9D-8859-711888315579}.Release|x86.ActiveCfg = Release|Win32
		{AD2D21F1-5321-4B9D-8859-711888315579}.Release|x86.Build.0 = Release|Win32
	EndGlobalSection
	GlobalSection(SolutionProperties) = preSolution
		HideSolutionNode = FALSE
	EndGlobalSection
	GlobalSection(ExtensibilityGlobals) = postSolution
		SolutionGuid = {88201E3D-A212-4C04-B4EA-DBDC85EC7C48}
	EndGlobalSection
EndGlobal
